
Microsoft Visual Studio Solution File, Format Version 12.00
# Visual Studio Version 17
VisualStudioVersion = 17.6.33829.357
MinimumVisualStudioVersion = 10.0.40219.1
Project("{9A19103F-16F7-4668-BE54-9A1E7A4F7556}") = "OdeToFood", "OdeToFood\OdeToFood.csproj", "{D411F600-2ACD-4F58-8C2E-CD173122F00A}"
EndProject
Project("{9A19103F-16F7-4668-BE54-9A1E7A4F7556}") = "OdeToFood.Core", "OdeToFood.Core\OdeToFood.Core.csproj", "{8283BD66-02D8-4937-95B7-FE94889F2A39}"
EndProject
Project("{9A19103F-16F7-4668-BE54-9A1E7A4F7556}") = "OdeToFood.Data", "OdeToFood.Data\OdeToFood.Data.csproj", "{BF9DEFBC-886B-45B8-9C72-F222D582C907}"
EndProject
Global
	GlobalSection(SolutionConfigurationPlatforms) = preSolution
		Debug|Any CPU = Debug|Any CPU
		Release|Any CPU = Release|Any CPU
	EndGlobalSection
	GlobalSection(ProjectConfigurationPlatforms) = postSolution
		{D411F600-2ACD-4F58-8C2E-CD173122F00A}.Debug|Any CPU.ActiveCfg = Debug|Any CPU
		{D411F600-2ACD-4F58-8C2E-CD173122F00A}.Debug|Any CPU.Build.0 = Debug|Any CPU
		{D411F600-2ACD-4F58-8C2E-CD173122F00A}.Release|Any CPU.ActiveCfg = Release|Any CPU
		{D411F600-2ACD-4F58-8C2E-CD173122F00A}.Release|Any CPU.Build.0 = Release|Any CPU
		{8283BD66-02D8-4937-95B7-FE94889F2A39}.Debug|Any CPU.ActiveCfg = Debug|Any CPU
		{8283BD66-02D8-4937-95B7-FE94889F2A39}.Debug|Any CPU.Build.0 = Debug|Any CPU
		{8283BD66-02D8-4937-95B7-FE94889F2A39}.Release|Any CPU.ActiveCfg = Release|Any CPU
		{8283BD66-02D8-4937-95B7-FE94889F2A39}.Release|Any CPU.Build.0 = Release|Any CPU
		{BF9DEFBC-886B-45B8-9C72-F222D582C907}.Debug|Any CPU.ActiveCfg = Debug|Any CPU
		{BF9DEFBC-886B-45B8-9C72-F222D582C907}.Debug|Any CPU.Build.0 = Debug|Any CPU
		{BF9DEFBC-886B-45B8-9C72-F222D582C907}.Release|Any CPU.ActiveCfg = Release|Any CPU
		{BF9DEFBC-886B-45B8-9C72-F222D582C907}.Release|Any CPU.Build.0 = Release|Any CPU
	EndGlobalSection
	GlobalSection(SolutionProperties) = preSolution
		HideSolutionNode = FALSE
	EndGlobalSection
	GlobalSection(ExtensibilityGlobals) = postSolution
		SolutionGuid = {731EB80C-7F21-4ED2-9B5B-8EDAF0C9D2EA}
	EndGlobalSection
EndGlobal
